// !$*UTF8*$!
{
	archiveVersion = 1;
	classes = {
	};
	objectVersion = 50;
	objects = {

/* Begin PBXBuildFile section */
		492F6082262CB86E007517DF /* LimitSaleScrollView.swift in Sources */ = {isa = PBXBuildFile; fileRef = 492F6081262CB86E007517DF /* LimitSaleScrollView.swift */; };
		4980272F262AE2F300FBD7FF /* LeroyDublicateApp.swift in Sources */ = {isa = PBXBuildFile; fileRef = 4980272E262AE2F300FBD7FF /* LeroyDublicateApp.swift */; };
		49802731262AE2F300FBD7FF /* ContentView.swift in Sources */ = {isa = PBXBuildFile; fileRef = 49802730262AE2F300FBD7FF /* ContentView.swift */; };
		49802733262AE2FA00FBD7FF /* Assets.xcassets in Resources */ = {isa = PBXBuildFile; fileRef = 49802732262AE2FA00FBD7FF /* Assets.xcassets */; };
		49802736262AE2FA00FBD7FF /* Preview Assets.xcassets in Resources */ = {isa = PBXBuildFile; fileRef = 49802735262AE2FA00FBD7FF /* Preview Assets.xcassets */; };
		49802743262B873E00FBD7FF /* FirstScroll.swift in Sources */ = {isa = PBXBuildFile; fileRef = 49802742262B873E00FBD7FF /* FirstScroll.swift */; };
		498CC0CE262C849700175F7F /* RowView.swift in Sources */ = {isa = PBXBuildFile; fileRef = 498CC0CD262C849700175F7F /* RowView.swift */; };
		498CC0D2262C859900175F7F /* FirstRowView.swift in Sources */ = {isa = PBXBuildFile; fileRef = 498CC0D1262C859900175F7F /* FirstRowView.swift */; };
		499D1EFA262C8CF9000591DD /* ScrollCell.swift in Sources */ = {isa = PBXBuildFile; fileRef = 499D1EF9262C8CF9000591DD /* ScrollCell.swift */; };
/* End PBXBuildFile section */

/* Begin PBXFileReference section */
		492F6081262CB86E007517DF /* LimitSaleScrollView.swift */ = {isa = PBXFileReference; lastKnownFileType = sourcecode.swift; path = LimitSaleScrollView.swift; sourceTree = "<group>"; };
		4980272B262AE2F300FBD7FF /* LeroyDublicate.app */ = {isa = PBXFileReference; explicitFileType = wrapper.application; includeInIndex = 0; path = LeroyDublicate.app; sourceTree = BUILT_PRODUCTS_DIR; };
		4980272E262AE2F300FBD7FF /* LeroyDublicateApp.swift */ = {isa = PBXFileReference; lastKnownFileType = sourcecode.swift; path = LeroyDublicateApp.swift; sourceTree = "<group>"; };
		49802730262AE2F300FBD7FF /* ContentView.swift */ = {isa = PBXFileReference; lastKnownFileType = sourcecode.swift; path = ContentView.swift; sourceTree = "<group>"; };
		49802732262AE2FA00FBD7FF /* Assets.xcassets */ = {isa = PBXFileReference; lastKnownFileType = folder.assetcatalog; path = Assets.xcassets; sourceTree = "<group>"; };
		49802735262AE2FA00FBD7FF /* Preview Assets.xcassets */ = {isa = PBXFileReference; lastKnownFileType = folder.assetcatalog; path = "Preview Assets.xcassets"; sourceTree = "<group>"; };
		49802737262AE2FA00FBD7FF /* Info.plist */ = {isa = PBXFileReference; lastKnownFileType = text.plist.xml; path = Info.plist; sourceTree = "<group>"; };
		49802742262B873E00FBD7FF /* FirstScroll.swift */ = {isa = PBXFileReference; lastKnownFileType = sourcecode.swift; path = FirstScroll.swift; sourceTree = "<group>"; };
		498CC0CD262C849700175F7F /* RowView.swift */ = {isa = PBXFileReference; lastKnownFileType = sourcecode.swift; path = RowView.swift; sourceTree = "<group>"; };
		498CC0D1262C859900175F7F /* FirstRowView.swift */ = {isa = PBXFileReference; lastKnownFileType = sourcecode.swift; path = FirstRowView.swift; sourceTree = "<group>"; };
		499D1EF9262C8CF9000591DD /* ScrollCell.swift */ = {isa = PBXFileReference; lastKnownFileType = sourcecode.swift; path = ScrollCell.swift; sourceTree = "<group>"; };
/* End PBXFileReference section */

/* Begin PBXFrameworksBuildPhase section */
		49802728262AE2F300FBD7FF /* Frameworks */ = {
			isa = PBXFrameworksBuildPhase;
			buildActionMask = 2147483647;
			files = (
			);
			runOnlyForDeploymentPostprocessing = 0;
		};
/* End PBXFrameworksBuildPhase section */

/* Begin PBXGroup section */
		49802722262AE2F200FBD7FF = {
			isa = PBXGroup;
			children = (
				4980272D262AE2F300FBD7FF /* LeroyDublicate */,
				4980272C262AE2F300FBD7FF /* Products */,
			);
			sourceTree = "<group>";
		};
		4980272C262AE2F300FBD7FF /* Products */ = {
			isa = PBXGroup;
			children = (
				4980272B262AE2F300FBD7FF /* LeroyDublicate.app */,
			);
			name = Products;
			sourceTree = "<group>";
		};
		4980272D262AE2F300FBD7FF /* LeroyDublicate */ = {
			isa = PBXGroup;
			children = (
				4980272E262AE2F300FBD7FF /* LeroyDublicateApp.swift */,
				49802730262AE2F300FBD7FF /* ContentView.swift */,
				498CC0CC262C844700175F7F /* View */,
				499D1EFC262C8D15000591DD /* Model */,
				49802732262AE2FA00FBD7FF /* Assets.xcassets */,
				49802737262AE2FA00FBD7FF /* Info.plist */,
				49802734262AE2FA00FBD7FF /* Preview Content */,
			);
			path = LeroyDublicate;
			sourceTree = "<group>";
		};
		49802734262AE2FA00FBD7FF /* Preview Content */ = {
			isa = PBXGroup;
			children = (
				49802735262AE2FA00FBD7FF /* Preview Assets.xcassets */,
			);
			path = "Preview Content";
			sourceTree = "<group>";
		};
		498CC0CC262C844700175F7F /* View */ = {
			isa = PBXGroup;
			children = (
				49802742262B873E00FBD7FF /* FirstScroll.swift */,
				492F6081262CB86E007517DF /* LimitSaleScrollView.swift */,
				498CC0CD262C849700175F7F /* RowView.swift */,
				498CC0D1262C859900175F7F /* FirstRowView.swift */,
			);
			path = View;
			sourceTree = "<group>";
		};
		499D1EFC262C8D15000591DD /* Model */ = {
			isa = PBXGroup;
			children = (
				499D1EF9262C8CF9000591DD /* ScrollCell.swift */,
			);
			path = Model;
			sourceTree = "<group>";
		};
/* End PBXGroup section */

/* Begin PBXNativeTarget section */
		4980272A262AE2F300FBD7FF /* LeroyDublicate */ = {
			isa = PBXNativeTarget;
			buildConfigurationList = 4980273A262AE2FA00FBD7FF /* Build configuration list for PBXNativeTarget "LeroyDublicate" */;
			buildPhases = (
				49802727262AE2F300FBD7FF /* Sources */,
				49802728262AE2F300FBD7FF /* Frameworks */,
				49802729262AE2F300FBD7FF /* Resources */,
			);
			buildRules = (
			);
			dependencies = (
			);
			name = LeroyDublicate;
			productName = LeroyDublicate;
			productReference = 4980272B262AE2F300FBD7FF /* LeroyDublicate.app */;
			productType = "com.apple.product-type.application";
		};
/* End PBXNativeTarget section */

/* Begin PBXProject section */
		49802723262AE2F200FBD7FF /* Project object */ = {
			isa = PBXProject;
			attributes = {
				LastSwiftUpdateCheck = 1240;
				LastUpgradeCheck = 1240;
				TargetAttributes = {
					4980272A262AE2F300FBD7FF = {
						CreatedOnToolsVersion = 12.4;
					};
				};
			};
			buildConfigurationList = 49802726262AE2F200FBD7FF /* Build configuration list for PBXProject "LeroyDublicate" */;
			compatibilityVersion = "Xcode 9.3";
			developmentRegion = en;
			hasScannedForEncodings = 0;
			knownRegions = (
				en,
				Base,
			);
			mainGroup = 49802722262AE2F200FBD7FF;
			productRefGroup = 4980272C262AE2F300FBD7FF /* Products */;
			projectDirPath = "";
			projectRoot = "";
			targets = (
				4980272A262AE2F300FBD7FF /* LeroyDublicate */,
			);
		};
/* End PBXProject section */

/* Begin PBXResourcesBuildPhase section */
		49802729262AE2F300FBD7FF /* Resources */ = {
			isa = PBXResourcesBuildPhase;
			buildActionMask = 2147483647;
			files = (
				49802736262AE2FA00FBD7FF /* Preview Assets.xcassets in Resources */,
				49802733262AE2FA00FBD7FF /* Assets.xcassets in Resources */,
			);
			runOnlyForDeploymentPostprocessing = 0;
		};
/* End PBXResourcesBuildPhase section */

/* Begin PBXSourcesBuildPhase section */
		49802727262AE2F300FBD7FF /* Sources */ = {
			isa = PBXSourcesBuildPhase;
			buildActionMask = 2147483647;
			files = (
				49802743262B873E00FBD7FF /* FirstScroll.swift in Sources */,
				498CC0D2262C859900175F7F /* FirstRowView.swift in Sources */,
				499D1EFA262C8CF9000591DD /* ScrollCell.swift in Sources */,
				492F6082262CB86E007517DF /* LimitSaleScrollView.swift in Sources */,
				49802731262AE2F300FBD7FF /* ContentView.swift in Sources */,
				4980272F262AE2F300FBD7FF /* LeroyDublicateApp.swift in Sources */,
				498CC0CE262C849700175F7F /* RowView.swift in Sources */,
			);
			runOnlyForDeploymentPostprocessing = 0;
		};
/* End PBXSourcesBuildPhase section */

/* Begin XCBuildConfiguration section */
		49802738262AE2FA00FBD7FF /* Debug */ = {
			isa = XCBuildConfiguration;
			buildSettings = {
				ALWAYS_SEARCH_USER_PATHS = NO;
				CLANG_ANALYZER_NONNULL = YES;
				CLANG_ANALYZER_NUMBER_OBJECT_CONVERSION = YES_AGGRESSIVE;
				CLANG_CXX_LANGUAGE_STANDARD = "gnu++14";
				CLANG_CXX_LIBRARY = "libc++";
				CLANG_ENABLE_MODULES = YES;
				CLANG_ENABLE_OBJC_ARC = YES;
				CLANG_ENABLE_OBJC_WEAK = YES;
				CLANG_WARN_BLOCK_CAPTURE_AUTORELEASING = YES;
				CLANG_WARN_BOOL_CONVERSION = YES;
				CLANG_WARN_COMMA = YES;
				CLANG_WARN_CONSTANT_CONVERSION = YES;
				CLANG_WARN_DEPRECATED_OBJC_IMPLEMENTATIONS = YES;
				CLANG_WARN_DIRECT_OBJC_ISA_USAGE = YES_ERROR;
				CLANG_WARN_DOCUMENTATION_COMMENTS = YES;
				CLANG_WARN_EMPTY_BODY = YES;
				CLANG_WARN_ENUM_CONVERSION = YES;
				CLANG_WARN_INFINITE_RECURSION = YES;
				CLANG_WARN_INT_CONVERSION = YES;
				CLANG_WARN_NON_LITERAL_NULL_CONVERSION = YES;
				CLANG_WARN_OBJC_IMPLICIT_RETAIN_SELF = YES;
				CLANG_WARN_OBJC_LITERAL_CONVERSION = YES;
				CLANG_WARN_OBJC_ROOT_CLASS = YES_ERROR;
				CLANG_WARN_QUOTED_INCLUDE_IN_FRAMEWORK_HEADER = YES;
				CLANG_WARN_RANGE_LOOP_ANALYSIS = YES;
				CLANG_WARN_STRICT_PROTOTYPES = YES;
				CLANG_WARN_SUSPICIOUS_MOVE = YES;
				CLANG_WARN_UNGUARDED_AVAILABILITY = YES_AGGRESSIVE;
				CLANG_WARN_UNREACHABLE_CODE = YES;
				CLANG_WARN__DUPLICATE_METHOD_MATCH = YES;
				COPY_PHASE_STRIP = NO;
				DEBUG_INFORMATION_FORMAT = dwarf;
				ENABLE_STRICT_OBJC_MSGSEND = YES;
				ENABLE_TESTABILITY = YES;
				GCC_C_LANGUAGE_STANDARD = gnu11;
				GCC_DYNAMIC_NO_PIC = NO;
				GCC_NO_COMMON_BLOCKS = YES;
				GCC_OPTIMIZATION_LEVEL = 0;
				GCC_PREPROCESSOR_DEFINITIONS = (
					"DEBUG=1",
					"$(inherited)",
				);
				GCC_WARN_64_TO_32_BIT_CONVERSION = YES;
				GCC_WARN_ABOUT_RETURN_TYPE = YES_ERROR;
				GCC_WARN_UNDECLARED_SELECTOR = YES;
				GCC_WARN_UNINITIALIZED_AUTOS = YES_AGGRESSIVE;
				GCC_WARN_UNUSED_FUNCTION = YES;
				GCC_WARN_UNUSED_VARIABLE = YES;
				IPHONEOS_DEPLOYMENT_TARGET = 14.4;
				MTL_ENABLE_DEBUG_INFO = INCLUDE_SOURCE;
				MTL_FAST_MATH = YES;
				ONLY_ACTIVE_ARCH = YES;
				SDKROOT = iphoneos;
				SWIFT_ACTIVE_COMPILATION_CONDITIONS = DEBUG;
				SWIFT_OPTIMIZATION_LEVEL = "-Onone";
			};
			name = Debug;
		};
		49802739262AE2FA00FBD7FF /* Release */ = {
			isa = XCBuildConfiguration;
			buildSettings = {
				ALWAYS_SEARCH_USER_PATHS = NO;
				CLANG_ANALYZER_NONNULL = YES;
				CLANG_ANALYZER_NUMBER_OBJECT_CONVERSION = YES_AGGRESSIVE;
				CLANG_CXX_LANGUAGE_STANDARD = "gnu++14";
				CLANG_CXX_LIBRARY = "libc++";
				CLANG_ENABLE_MODULES = YES;
				CLANG_ENABLE_OBJC_ARC = YES;
				CLANG_ENABLE_OBJC_WEAK = YES;
				CLANG_WARN_BLOCK_CAPTURE_AUTORELEASING = YES;
				CLANG_WARN_BOOL_CONVERSION = YES;
				CLANG_WARN_COMMA = YES;
				CLANG_WARN_CONSTANT_CONVERSION = YES;
				CLANG_WARN_DEPRECATED_OBJC_IMPLEMENTATIONS = YES;
				CLANG_WARN_DIRECT_OBJC_ISA_USAGE = YES_ERROR;
				CLANG_WARN_DOCUMENTATION_COMMENTS = YES;
				CLANG_WARN_EMPTY_BODY = YES;
				CLANG_WARN_ENUM_CONVERSION = YES;
				CLANG_WARN_INFINITE_RECURSION = YES;
				CLANG_WARN_INT_CONVERSION = YES;
				CLANG_WARN_NON_LITERAL_NULL_CONVERSION = YES;
				CLANG_WARN_OBJC_IMPLICIT_RETAIN_SELF = YES;
				CLANG_WARN_OBJC_LITERAL_CONVERSION = YES;
				CLANG_WARN_OBJC_ROOT_CLASS = YES_ERROR;
				CLANG_WARN_QUOTED_INCLUDE_IN_FRAMEWORK_HEADER = YES;
				CLANG_WARN_RANGE_LOOP_ANALYSIS = YES;
				CLANG_WARN_STRICT_PROTOTYPES = YES;
				CLANG_WARN_SUSPICIOUS_MOVE = YES;
				CLANG_WARN_UNGUARDED_AVAILABILITY = YES_AGGRESSIVE;
				CLANG_WARN_UNREACHABLE_CODE = YES;
				CLANG_WARN__DUPLICATE_METHOD_MATCH = YES;
				COPY_PHASE_STRIP = NO;
				DEBUG_INFORMATION_FORMAT = "dwarf-with-dsym";
				ENABLE_NS_ASSERTIONS = NO;
				ENABLE_STRICT_OBJC_MSGSEND = YES;
				GCC_C_LANGUAGE_STANDARD = gnu11;
				GCC_NO_COMMON_BLOCKS = YES;
				GCC_WARN_64_TO_32_BIT_CONVERSION = YES;
				GCC_WARN_ABOUT_RETURN_TYPE = YES_ERROR;
				GCC_WARN_UNDECLARED_SELECTOR = YES;
				GCC_WARN_UNINITIALIZED_AUTOS = YES_AGGRESSIVE;
				GCC_WARN_UNUSED_FUNCTION = YES;
				GCC_WARN_UNUSED_VARIABLE = YES;
				IPHONEOS_DEPLOYMENT_TARGET = 14.4;
				MTL_ENABLE_DEBUG_INFO = NO;
				MTL_FAST_MATH = YES;
				SDKROOT = iphoneos;
				SWIFT_COMPILATION_MODE = wholemodule;
				SWIFT_OPTIMIZATION_LEVEL = "-O";
				VALIDATE_PRODUCT = YES;
			};
			name = Release;
		};
		4980273B262AE2FA00FBD7FF /* Debug */ = {
			isa = XCBuildConfiguration;
			buildSettings = {
				ASSETCATALOG_COMPILER_APPICON_NAME = AppIcon;
				ASSETCATALOG_COMPILER_GLOBAL_ACCENT_COLOR_NAME = AccentColor;
				CODE_SIGN_STYLE = Automatic;
				DEVELOPMENT_ASSET_PATHS = "\"LeroyDublicate/Preview Content\"";
				DEVELOPMENT_TEAM = 8K9Q339PD3;
				ENABLE_PREVIEWS = YES;
				INFOPLIST_FILE = LeroyDublicate/Info.plist;
				IPHONEOS_DEPLOYMENT_TARGET = 14.0;
				LD_RUNPATH_SEARCH_PATHS = (
					"$(inherited)",
					"@executable_path/Frameworks",
				);
				PRODUCT_BUNDLE_IDENTIFIER = ru.max.LeroyDublicate;
				PRODUCT_NAME = "$(TARGET_NAME)";
				SWIFT_VERSION = 5.0;
				TARGETED_DEVICE_FAMILY = 1;
			};
			name = Debug;
		};
		4980273C262AE2FA00FBD7FF /* Release */ = {
			isa = XCBuildConfiguration;
			buildSettings = {
				ASSETCATALOG_COMPILER_APPICON_NAME = AppIcon;
				ASSETCATALOG_COMPILER_GLOBAL_ACCENT_COLOR_NAME = AccentColor;
				CODE_SIGN_STYLE = Automatic;
				DEVELOPMENT_ASSET_PATHS = "\"LeroyDublicate/Preview Content\"";
				DEVELOPMENT_TEAM = 8K9Q339PD3;
				ENABLE_PREVIEWS = YES;
				INFOPLIST_FILE = LeroyDublicate/Info.plist;
				IPHONEOS_DEPLOYMENT_TARGET = 14.0;
				LD_RUNPATH_SEARCH_PATHS = (
					"$(inherited)",
					"@executable_path/Frameworks",
				);
				PRODUCT_BUNDLE_IDENTIFIER = ru.max.LeroyDublicate;
				PRODUCT_NAME = "$(TARGET_NAME)";
				SWIFT_VERSION = 5.0;
				TARGETED_DEVICE_FAMILY = 1;
			};
			name = Release;
		};
/* End XCBuildConfiguration section */

/* Begin XCConfigurationList section */
		49802726262AE2F200FBD7FF /* Build configuration list for PBXProject "LeroyDublicate" */ = {
			isa = XCConfigurationList;
			buildConfigurations = (
				49802738262AE2FA00FBD7FF /* Debug */,
				49802739262AE2FA00FBD7FF /* Release */,
			);
			defaultConfigurationIsVisible = 0;
			defaultConfigurationName = Release;
		};
		4980273A262AE2FA00FBD7FF /* Build configuration list for PBXNativeTarget "LeroyDublicate" */ = {
			isa = XCConfigurationList;
			buildConfigurations = (
				4980273B262AE2FA00FBD7FF /* Debug */,
				4980273C262AE2FA00FBD7FF /* Release */,
			);
			defaultConfigurationIsVisible = 0;
			defaultConfigurationName = Release;
		};
/* End XCConfigurationList section */
	};
	rootObject = 49802723262AE2F200FBD7FF /* Project object */;
}
